{
  "object": {
    "pins": [
      {
        "package": "MBAudience",
        "repositoryURL": "https://github.com/Mumble-SRL/MBAudienceSwift.git",
        "state": {
          "branch": null,
          "revision": "cebc4a2f6193d7ffa4f44c88210e11a0b0a00ab3",
          "version": "0.1.1"
        }
      },
      {
        "package": "MBMessagesSwift",
        "repositoryURL": "https://github.com/Mumble-SRL/MBMessagesSwift.git",
        "state": {
          "branch": null,
          "revision": "f3ce9df4bb1681e8f67430f373a3fcc95f908b6a",
          "version": "0.1.1"
        }
      },
      {
        "package": "MBNetworkingSwift",
        "repositoryURL": "https://github.com/Mumble-SRL/MBNetworkingSwift.git",
        "state": {
          "branch": null,
          "revision": "c44c423f002fe385c1f0c0ac508a05be9072ee8b",
          "version": "1.0.17"
        }
      },
      {
        "package": "MBurgerSwift",
        "repositoryURL": "https://github.com/Mumble-SRL/MBurgerSwift.git",
        "state": {
          "branch": null,
          "revision": "77dcc3de68ed8c8f078e708998c507294e835fd7",
          "version": "1.0.8"
        }
      }
    ]
  },
  "version": 1
}
