PODS:
  - MBAudienceSwift (0.1.4):
    - MBurgerSwift
  - MBMessagesSwift (0.2.6):
    - MBurgerSwift
    - MPushSwift
  - MBNetworkingSwift (1.1)
  - MBurgerSwift (1.0.12):
    - MBNetworkingSwift (~> 1.1)
  - MPushSwift (1.0.0):
    - MBNetworkingSwift

DEPENDENCIES:
  - MBAudienceSwift
  - MBMessagesSwift
  - MBurgerSwift

SPEC REPOS:
  trunk:
    - MBAudienceSwift
    - MBMessagesSwift
    - MBNetworkingSwift
    - MBurgerSwift
    - MPushSwift

SPEC CHECKSUMS:
  MBAudienceSwift: 69542986f62cfc179e9657ba12712e42b431210c
  MBMessagesSwift: d06ddae51fcd1f5993787313d61f516a1e8f79ba
  MBNetworkingSwift: 6fb96a4aeda0a2e280413f6bacb07a67bd8224e7
  MBurgerSwift: bdff089447f8d1e758fd64f3eda3d99507da7bc8
  MPushSwift: 4207d8bd2bc8140baee3ce9ffae6ea3b2e78e803

PODFILE CHECKSUM: 9157386895fc851c4e345f1f0a0507df1ff5ba0b

COCOAPODS: 1.10.1
